
Microsoft Visual Studio Solution File, Format Version 12.00
# Visual Studio 15
VisualStudioVersion = 15.0.27428.2037
MinimumVisualStudioVersion = 10.0.40219.1
Project("{FAE04EC0-301F-11D3-BF4B-00C04F79EFBC}") = "Millionaire", "Millionaire\Millionaire.csproj", "{36F95144-7DB4-4A6C-9F74-FC010374D337}"
EndProject
Global
	GlobalSection(SolutionConfigurationPlatforms) = preSolution
		Debug|Any CPU = Debug|Any CPU
		Release|Any CPU = Release|Any CPU
	EndGlobalSection
	GlobalSection(ProjectConfigurationPlatforms) = postSolution
		{36F95144-7DB4-4A6C-9F74-FC010374D337}.Debug|Any CPU.ActiveCfg = Debug|Any CPU
		{36F95144-7DB4-4A6C-9F74-FC010374D337}.Debug|Any CPU.Build.0 = Debug|Any CPU
		{36F95144-7DB4-4A6C-9F74-FC010374D337}.Debug|Any CPU.Deploy.0 = Debug|Any CPU
		{36F95144-7DB4-4A6C-9F74-FC010374D337}.Release|Any CPU.ActiveCfg = Release|Any CPU
		{36F95144-7DB4-4A6C-9F74-FC010374D337}.Release|Any CPU.Build.0 = Release|Any CPU
		{36F95144-7DB4-4A6C-9F74-FC010374D337}.Release|Any CPU.Deploy.0 = Release|Any CPU
	EndGlobalSection
	GlobalSection(SolutionProperties) = preSolution
		HideSolutionNode = FALSE
	EndGlobalSection
	GlobalSection(ExtensibilityGlobals) = postSolution
		SolutionGuid = {EA9EE6D9-C1F6-40A7-B067-00E71E224909}
	EndGlobalSection
EndGlobal
